
Microsoft Visual Studio Solution File, Format Version 12.00
# Visual Studio Express 2012 for Windows Desktop
Project("{FAE04EC0-301F-11D3-BF4B-00C04F79EFBC}") = "Task3_GenericVector", "Task3_GenericVector\Task3_GenericVector.csproj", "{01CA43B3-91A1-4BEF-AC81-74A854AE6AEE}"
EndProject
Global
	GlobalSection(SolutionConfigurationPlatforms) = preSolution
		Debug|Any CPU = Debug|Any CPU
		Release|Any CPU = Release|Any CPU
	EndGlobalSection
	GlobalSection(ProjectConfigurationPlatforms) = postSolution
		{01CA43B3-91A1-4BEF-AC81-74A854AE6AEE}.Debug|Any CPU.ActiveCfg = Debug|Any CPU
		{01CA43B3-91A1-4BEF-AC81-74A854AE6AEE}.Debug|Any CPU.Build.0 = Debug|Any CPU
		{01CA43B3-91A1-4BEF-AC81-74A854AE6AEE}.Release|Any CPU.ActiveCfg = Release|Any CPU
		{01CA43B3-91A1-4BEF-AC81-74A854AE6AEE}.Release|Any CPU.Build.0 = Release|Any CPU
	EndGlobalSection
	GlobalSection(SolutionProperties) = preSolution
		HideSolutionNode = FALSE
	EndGlobalSection
EndGlobal
